
Microsoft Visual Studio Solution File, Format Version 12.00
# Visual Studio Version 16
VisualStudioVersion = 16.0.30503.244
MinimumVisualStudioVersion = 10.0.40219.1
Project("{FAE04EC0-301F-11D3-BF4B-00C04F79EFBC}") = "LoggingDemo", "LoggingDemo\LoggingDemo.csproj", "{E950BABB-6272-492C-83D4-DB4EC851DF8E}"
EndProject
Global
	GlobalSection(SolutionConfigurationPlatforms) = preSolution
		Debug|Any CPU = Debug|Any CPU
		Release|Any CPU = Release|Any CPU
	EndGlobalSection
	GlobalSection(ProjectConfigurationPlatforms) = postSolution
		{E950BABB-6272-492C-83D4-DB4EC851DF8E}.Debug|Any CPU.ActiveCfg = Debug|Any CPU
		{E950BABB-6272-492C-83D4-DB4EC851DF8E}.Debug|Any CPU.Build.0 = Debug|Any CPU
		{E950BABB-6272-492C-83D4-DB4EC851DF8E}.Release|Any CPU.ActiveCfg = Release|Any CPU
		{E950BABB-6272-492C-83D4-DB4EC851DF8E}.Release|Any CPU.Build.0 = Release|Any CPU
	EndGlobalSection
	GlobalSection(SolutionProperties) = preSolution
		HideSolutionNode = FALSE
	EndGlobalSection
	GlobalSection(ExtensibilityGlobals) = postSolution
		SolutionGuid = {688F1762-6BBE-4D21-879A-A15BF9CC7B4C}
	EndGlobalSection
EndGlobal
